
Microsoft Visual Studio Solution File, Format Version 12.00
# Visual Studio Version 16
VisualStudioVersion = 16.0.30907.101
MinimumVisualStudioVersion = 10.0.40219.1
Project("{9A19103F-16F7-4668-BE54-9A1E7A4F7556}") = "Parallel.Universe.Blog.Api", "src\Parallel.Universe.Blog.Api\Parallel.Universe.Blog.Api.csproj", "{AB503106-4D3B-4A63-A635-72B236CCA787}"
EndProject
Project("{9A19103F-16F7-4668-BE54-9A1E7A4F7556}") = "Parallel.Universe.Blog.Tests", "Tests\Parallel.Universe.Blog.Tests\Parallel.Universe.Blog.Tests.csproj", "{E41BE536-5DC1-4E0B-A472-81BBE5DC6139}"
EndProject
Project("{2150E333-8FDC-42A3-9474-1A3956D46DE8}") = "Solution Items", "Solution Items", "{689A2CEC-DF63-42C5-A683-404C55BBE476}"
	ProjectSection(SolutionItems) = preProject
		Solution Items\docker-compose.yml = Solution Items\docker-compose.yml
		Solution Items\Dockerfile = Solution Items\Dockerfile
	EndProjectSection
EndProject
Global
	GlobalSection(SolutionConfigurationPlatforms) = preSolution
		Debug|Any CPU = Debug|Any CPU
		Release|Any CPU = Release|Any CPU
	EndGlobalSection
	GlobalSection(ProjectConfigurationPlatforms) = postSolution
		{AB503106-4D3B-4A63-A635-72B236CCA787}.Debug|Any CPU.ActiveCfg = Debug|Any CPU
		{AB503106-4D3B-4A63-A635-72B236CCA787}.Debug|Any CPU.Build.0 = Debug|Any CPU
		{AB503106-4D3B-4A63-A635-72B236CCA787}.Release|Any CPU.ActiveCfg = Release|Any CPU
		{AB503106-4D3B-4A63-A635-72B236CCA787}.Release|Any CPU.Build.0 = Release|Any CPU
		{E41BE536-5DC1-4E0B-A472-81BBE5DC6139}.Debug|Any CPU.ActiveCfg = Debug|Any CPU
		{E41BE536-5DC1-4E0B-A472-81BBE5DC6139}.Debug|Any CPU.Build.0 = Debug|Any CPU
		{E41BE536-5DC1-4E0B-A472-81BBE5DC6139}.Release|Any CPU.ActiveCfg = Release|Any CPU
		{E41BE536-5DC1-4E0B-A472-81BBE5DC6139}.Release|Any CPU.Build.0 = Release|Any CPU
	EndGlobalSection
	GlobalSection(SolutionProperties) = preSolution
		HideSolutionNode = FALSE
	EndGlobalSection
	GlobalSection(ExtensibilityGlobals) = postSolution
		SolutionGuid = {9023304F-4FA7-4994-AFB3-25EFD9AB1FE2}
	EndGlobalSection
EndGlobal
